
Microsoft Visual Studio Solution File, Format Version 12.00
# Visual Studio Version 16
VisualStudioVersion = 16.0.29318.209
MinimumVisualStudioVersion = 10.0.40219.1
Project("{FAE04EC0-301F-11D3-BF4B-00C04F79EFBC}") = "simeticNikVjezbaPetlje1", "simeticNikVjezbaPetlje1.csproj", "{A89D39C9-7F99-4C58-84DC-201C3A4D83F9}"
EndProject
Global
	GlobalSection(SolutionConfigurationPlatforms) = preSolution
		Debug|Any CPU = Debug|Any CPU
		Release|Any CPU = Release|Any CPU
	EndGlobalSection
	GlobalSection(ProjectConfigurationPlatforms) = postSolution
		{A89D39C9-7F99-4C58-84DC-201C3A4D83F9}.Debug|Any CPU.ActiveCfg = Debug|Any CPU
		{A89D39C9-7F99-4C58-84DC-201C3A4D83F9}.Debug|Any CPU.Build.0 = Debug|Any CPU
		{A89D39C9-7F99-4C58-84DC-201C3A4D83F9}.Release|Any CPU.ActiveCfg = Release|Any CPU
		{A89D39C9-7F99-4C58-84DC-201C3A4D83F9}.Release|Any CPU.Build.0 = Release|Any CPU
	EndGlobalSection
	GlobalSection(SolutionProperties) = preSolution
		HideSolutionNode = FALSE
	EndGlobalSection
	GlobalSection(ExtensibilityGlobals) = postSolution
		SolutionGuid = {CD3F1FA4-FDF3-4C07-A1BD-85B4E9FB6426}
	EndGlobalSection
EndGlobal
